{
  "R": {
    "Version": "4.2.0",
    "Repositories": [
      {
        "Name": "CRAN",
        "URL": "https://cloud.r-project.org"
      }
    ]
  },
  "Packages": {
    "renv": {
      "Package": "renv",
      "Version": "0.15.5",
      "OS_type": NA,
      "NeedsCompilation": "no",
      "Repository": "CRAN",
      "Path": NA,
      "Source": "Repository",
      "Requirements": []
    }
  }
}
